{
  "R": {
    "Version": "4.5.0",
    "Repositories": [
      {
        "Name": "CRAN",
        "URL": "https://cloud.r-project.org"
      }
    ]
  },
  "Packages": {
    "BH": {
      "Package": "BH",
      "Version": "1.87.0-1",
      "Source": "Repository",
      "Requirements": []
    },
    "BayesTools": {
      "Package": "BayesTools",
      "Version": "0.2.19",
      "Source": "Repository",
      "Requirements": [
        "bridgesampling",
        "coda",
        "extraDistr",
        "ggplot2",
        "graphics",
        "mvtnorm",
        "parallel",
        "Rdpack",
        "rlang",
        "stats"
      ]
    },
    "Brobdingnag": {
      "Package": "Brobdingnag",
      "Version": "1.2-9",
      "Source": "Repository",
      "Requirements": [
        "Matrix",
        "methods",
        "R"
      ]
    },
    "CompQuadForm": {
      "Package": "CompQuadForm",
      "Version": "1.4.3",
      "Source": "Repository",
      "Requirements": []
    },
    "GGally": {
      "Package": "GGally",
      "Version": "2.2.1",
      "Source": "Repository",
      "Requirements": [
        "dplyr",
        "ggplot2",
        "ggstats",
        "grDevices",
        "grid",
        "gtable",
        "lifecycle",
        "magrittr",
        "plyr",
        "progress",
        "R",
        "RColorBrewer",
        "rlang",
        "scales",
        "tidyr",
        "utils"
      ]
    },
    "GPArotation": {
      "Package": "GPArotation",
      "Version": "2025.3-1",
      "Source": "Repository",
      "Requirements": [
        "R",
        "stats"
      ]
    },
    "LaplacesDemon": {
      "Package": "LaplacesDemon",
      "Version": "16.1.6",
      "Source": "Repository",
      "Requirements": [
        "graphics",
        "grDevices",
        "parallel",
        "R",
        "stats",
        "utils"
      ]
    },
    "MASS": {
      "Package": "MASS",
      "Version": "7.3-65",
      "Source": "Repository",
      "Requirements": [
        "graphics",
        "grDevices",
        "methods",
        "R",
        "stats",
        "utils"
      ]
    },
    "Matrix": {
      "Package": "Matrix",
      "Version": "1.7-3",
      "Source": "Repository",
      "Requirements": [
        "graphics",
        "grDevices",
        "grid",
        "lattice",
        "methods",
        "R",
        "stats",
        "utils"
      ]
    },
    "MatrixModels": {
      "Package": "MatrixModels",
      "Version": "0.5-4",
      "Source": "Repository",
      "Requirements": [
        "Matrix",
        "methods",
        "R",
        "stats"
      ]
    },
    "OpenMx": {
      "Package": "OpenMx",
      "Version": "2.22.7",
      "Source": "Repository",
      "Requirements": [
        "BH",
        "digest",
        "lifecycle",
        "MASS",
        "Matrix",
        "methods",
        "parallel",
        "R",
        "Rcpp",
        "RcppEigen",
        "RcppParallel",
        "rpf",
        "StanHeaders"
      ]
    },
    "QuickJSR": {
      "Package": "QuickJSR",
      "Version": "1.7.0",
      "Source": "Repository",
      "Requirements": []
    },
    "R6": {
      "Package": "R6",
      "Version": "2.6.1",
      "Source": "Repository",
      "Requirements": [
        "R"
      ]
    },
    "RColorBrewer": {
      "Package": "RColorBrewer",
      "Version": "1.1-3",
      "Source": "Repository",
      "Requirements": [
        "R"
      ]
    },
    "Rcpp": {
      "Package": "Rcpp",
      "Version": "1.0.14",
      "Source": "Repository",
      "Requirements": [
        "methods",
        "utils"
      ]
    },
    "RcppEigen": {
      "Package": "RcppEigen",
      "Version": "0.3.4.0.2",
      "Source": "Repository",
      "Requirements": [
        "R",
        "Rcpp",
        "stats",
        "utils"
      ]
    },
    "RcppParallel": {
      "Package": "RcppParallel",
      "Version": "5.1.10",
      "Source": "Repository",
      "Requirements": [
        "R"
      ]
    },
    "Rdpack": {
      "Package": "Rdpack",
      "Version": "2.6.4",
      "Source": "Repository",
      "Requirements": [
        "methods",
        "R",
        "rbibutils",
        "tools",
        "utils"
      ]
    },
    "RoBMA": {
      "Package": "RoBMA",
      "Version": "3.5.0",
      "Source": "GitHub",
      "Requirements": [
        "R",
        "BayesTools",
        "runjags",
        "rjags",
        "mvtnorm",
        "scales",
        "Rdpack",
        "rlang",
        "coda",
        "ggplot2",
        "metaBMA",
        "metafor",
        "weightr",
        "lme4",
        "fixest",
        "emmeans",
        "metadat",
        "testthat",
        "vdiffr",
        "knitr",
        "rmarkdown",
        "covr"
      ],
      "RemoteType": "github",
      "RemoteHost": "api.github.com",
      "RemoteUsername": "FBartos",
      "RemoteRepo": "RoBMA",
      "RemoteSha": "83585be2298b9091ad763731fd562537e7df1952"
    },
    "SparseM": {
      "Package": "SparseM",
      "Version": "1.84-2",
      "Source": "Repository",
      "Requirements": [
        "graphics",
        "methods",
        "R",
        "stats",
        "utils"
      ]
    },
    "StanHeaders": {
      "Package": "StanHeaders",
      "Version": "2.32.10",
      "Source": "Repository",
      "Requirements": [
        "R",
        "RcppEigen",
        "RcppParallel"
      ]
    },
    "abind": {
      "Package": "abind",
      "Version": "1.4-8",
      "Source": "Repository",
      "Requirements": [
        "methods",
        "R",
        "utils"
      ]
    },
    "askpass": {
      "Package": "askpass",
      "Version": "1.2.1",
      "Source": "Repository",
      "Requirements": [
        "sys"
      ]
    },
    "backports": {
      "Package": "backports",
      "Version": "1.5.0",
      "Source": "Repository",
      "Requirements": [
        "R"
      ]
    },
    "base64enc": {
      "Package": "base64enc",
      "Version": "0.1-3",
      "Source": "Repository",
      "Requirements": [
        "R"
      ]
    },
    "boot": {
      "Package": "boot",
      "Version": "1.3-31",
      "Source": "Repository",
      "Requirements": [
        "graphics",
        "R",
        "stats"
      ]
    },
    "bridgesampling": {
      "Package": "bridgesampling",
      "Version": "1.1-2",
      "Source": "Repository",
      "Requirements": [
        "Brobdingnag",
        "coda",
        "Matrix",
        "methods",
        "mvtnorm",
        "parallel",
        "R",
        "scales",
        "stringr",
        "utils"
      ]
    },
    "bslib": {
      "Package": "bslib",
      "Version": "0.9.0",
      "Source": "Repository",
      "Requirements": [
        "base64enc",
        "cachem",
        "fastmap",
        "grDevices",
        "htmltools",
        "jquerylib",
        "jsonlite",
        "lifecycle",
        "memoise",
        "mime",
        "R",
        "rlang",
        "sass"
      ]
    },
    "cachem": {
      "Package": "cachem",
      "Version": "1.1.0",
      "Source": "Repository",
      "Requirements": [
        "fastmap",
        "rlang"
      ]
    },
    "callr": {
      "Package": "callr",
      "Version": "3.7.6",
      "Source": "Repository",
      "Requirements": [
        "processx",
        "R",
        "R6",
        "utils"
      ]
    },
    "checkmate": {
      "Package": "checkmate",
      "Version": "2.3.2",
      "Source": "Repository",
      "Requirements": [
        "backports",
        "R",
        "utils"
      ]
    },
    "cli": {
      "Package": "cli",
      "Version": "3.6.5",
      "Source": "Repository",
      "Requirements": [
        "R",
        "utils"
      ]
    },
    "clubSandwich": {
      "Package": "clubSandwich",
      "Version": "0.6.0",
      "Source": "Repository",
      "Requirements": [
        "lifecycle",
        "R",
        "sandwich",
        "stats"
      ]
    },
    "coda": {
      "Package": "coda",
      "Version": "0.19-4.1",
      "Source": "Repository",
      "Requirements": [
        "lattice",
        "R"
      ]
    },
    "codetools": {
      "Package": "codetools",
      "Version": "0.2-20",
      "Source": "Repository",
      "Requirements": [
        "R"
      ]
    },
    "commonmark": {
      "Package": "commonmark",
      "Version": "1.9.5",
      "Source": "Repository",
      "Requirements": []
    },
    "cpp11": {
      "Package": "cpp11",
      "Version": "0.5.2",
      "Source": "Repository",
      "Requirements": [
        "R"
      ]
    },
    "crayon": {
      "Package": "crayon",
      "Version": "1.5.3",
      "Source": "Repository",
      "Requirements": [
        "grDevices",
        "methods",
        "utils"
      ]
    },
    "desc": {
      "Package": "desc",
      "Version": "1.4.3",
      "Source": "Repository",
      "Requirements": [
        "cli",
        "R",
        "R6",
        "utils"
      ]
    },
    "dfoptim": {
      "Package": "dfoptim",
      "Version": "2023.1.0",
      "Source": "Repository",
      "Requirements": [
        "R"
      ]
    },
    "digest": {
      "Package": "digest",
      "Version": "0.6.37",
      "Source": "Repository",
      "Requirements": [
        "R",
        "utils"
      ]
    },
    "distributional": {
      "Package": "distributional",
      "Version": "0.5.0",
      "Source": "Repository",
      "Requirements": [
        "generics",
        "lifecycle",
        "numDeriv",
        "pillar",
        "rlang",
        "stats",
        "utils",
        "vctrs"
      ]
    },
    "dplyr": {
      "Package": "dplyr",
      "Version": "1.1.4",
      "Source": "Repository",
      "Requirements": [
        "cli",
        "generics",
        "glue",
        "lifecycle",
        "magrittr",
        "methods",
        "pillar",
        "R",
        "R6",
        "rlang",
        "tibble",
        "tidyselect",
        "utils",
        "vctrs"
      ]
    },
    "ellipse": {
      "Package": "ellipse",
      "Version": "0.5.0",
      "Source": "Repository",
      "Requirements": [
        "graphics",
        "R",
        "stats"
      ]
    },
    "extraDistr": {
      "Package": "extraDistr",
      "Version": "1.10.0",
      "Source": "Repository",
      "Requirements": [
        "R",
        "Rcpp"
      ]
    },
    "farver": {
      "Package": "farver",
      "Version": "2.1.2",
      "Source": "Repository",
      "Requirements": []
    },
    "fastmap": {
      "Package": "fastmap",
      "Version": "1.2.0",
      "Source": "Repository",
      "Requirements": []
    },
    "fontBitstreamVera": {
      "Package": "fontBitstreamVera",
      "Version": "0.1.1",
      "Source": "Repository",
      "Requirements": [
        "R"
      ]
    },
    "fontLiberation": {
      "Package": "fontLiberation",
      "Version": "0.1.0",
      "Source": "Repository",
      "Requirements": [
        "R"
      ]
    },
    "fontawesome": {
      "Package": "fontawesome",
      "Version": "0.5.3",
      "Source": "Repository",
      "Requirements": [
        "htmltools",
        "R",
        "rlang"
      ]
    },
    "fontquiver": {
      "Package": "fontquiver",
      "Version": "0.2.1",
      "Source": "Repository",
      "Requirements": [
        "fontBitstreamVera",
        "fontLiberation",
        "R"
      ]
    },
    "forcats": {
      "Package": "forcats",
      "Version": "1.0.0",
      "Source": "Repository",
      "Requirements": [
        "cli",
        "glue",
        "lifecycle",
        "magrittr",
        "R",
        "rlang",
        "tibble"
      ]
    },
    "fs": {
      "Package": "fs",
      "Version": "1.6.6",
      "Source": "Repository",
      "Requirements": [
        "methods",
        "R"
      ]
    },
    "gdtools": {
      "Package": "gdtools",
      "Version": "0.4.2",
      "Source": "Repository",
      "Requirements": [
        "fontquiver",
        "htmltools",
        "R",
        "Rcpp",
        "systemfonts",
        "tools"
      ]
    },
    "generics": {
      "Package": "generics",
      "Version": "0.1.4",
      "Source": "Repository",
      "Requirements": [
        "methods",
        "R"
      ]
    },
    "ggmcmc": {
      "Package": "ggmcmc",
      "Version": "1.5.1.1",
      "Source": "Repository",
      "Requirements": [
        "dplyr",
        "GGally",
        "ggplot2",
        "R",
        "tidyr"
      ]
    },
    "ggplot2": {
      "Package": "ggplot2",
      "Version": "3.5.2",
      "Source": "Repository",
      "Requirements": [
        "cli",
        "glue",
        "grDevices",
        "grid",
        "gtable",
        "isoband",
        "lifecycle",
        "MASS",
        "mgcv",
        "R",
        "rlang",
        "scales",
        "stats",
        "tibble",
        "vctrs",
        "withr"
      ]
    },
    "ggstats": {
      "Package": "ggstats",
      "Version": "0.9.0",
      "Source": "Repository",
      "Requirements": [
        "cli",
        "dplyr",
        "forcats",
        "ggplot2",
        "lifecycle",
        "patchwork",
        "purrr",
        "R",
        "rlang",
        "scales",
        "stats",
        "stringr",
        "tidyr",
        "utils"
      ]
    },
    "glue": {
      "Package": "glue",
      "Version": "1.8.0",
      "Source": "Repository",
      "Requirements": [
        "methods",
        "R"
      ]
    },
    "gridExtra": {
      "Package": "gridExtra",
      "Version": "2.3",
      "Source": "Repository",
      "Requirements": [
        "graphics",
        "grDevices",
        "grid",
        "gtable",
        "utils"
      ]
    },
    "gridGraphics": {
      "Package": "gridGraphics",
      "Version": "0.5-1",
      "Source": "Repository",
      "Requirements": [
        "graphics",
        "grDevices",
        "grid"
      ]
    },
    "gtable": {
      "Package": "gtable",
      "Version": "0.3.6",
      "Source": "Repository",
      "Requirements": [
        "cli",
        "glue",
        "grid",
        "lifecycle",
        "R",
        "rlang",
        "stats"
      ]
    },
    "hms": {
      "Package": "hms",
      "Version": "1.1.3",
      "Source": "Repository",
      "Requirements": [
        "lifecycle",
        "methods",
        "pkgconfig",
        "rlang",
        "vctrs"
      ]
    },
    "htmltools": {
      "Package": "htmltools",
      "Version": "0.5.8.1",
      "Source": "Repository",
      "Requirements": [
        "base64enc",
        "digest",
        "fastmap",
        "grDevices",
        "R",
        "rlang",
        "utils"
      ]
    },
    "httpuv": {
      "Package": "httpuv",
      "Version": "1.6.16",
      "Source": "Repository",
      "Requirements": [
        "later",
        "promises",
        "R",
        "R6",
        "Rcpp",
        "utils"
      ]
    },
    "inline": {
      "Package": "inline",
      "Version": "0.3.21",
      "Source": "Repository",
      "Requirements": [
        "methods"
      ]
    },
    "isoband": {
      "Package": "isoband",
      "Version": "0.2.7",
      "Source": "Repository",
      "Requirements": [
        "grid",
        "utils"
      ]
    },
    "jaspBase": {
      "Package": "jaspBase",
      "Version": "0.20.0",
      "Source": "GitHub",
      "Requirements": [
        "cli",
        "codetools",
        "ggplot2",
        "gridExtra",
        "gridGraphics",
        "jaspGraphs",
        "jsonlite",
        "lifecycle",
        "officer",
        "pkgbuild",
        "plyr",
        "ragg",
        "R6",
        "Rcpp",
        "rvg",
        "svglite",
        "systemfonts",
        "withr",
        "testthat"
      ],
      "RemoteType": "github",
      "RemoteHost": "api.github.com",
      "RemoteUsername": "jasp-stats",
      "RemoteRepo": "jaspBase",
      "RemoteSha": "9dd637722c25bf0ea035ccaabf58ef9faf36b852"
    },
    "jaspGraphs": {
      "Package": "jaspGraphs",
      "Version": "0.20.0",
      "Source": "GitHub",
      "Requirements": [
        "testthat",
        "ggplot2",
        "gridExtra",
        "gtable",
        "lifecycle",
        "jsonlite",
        "R6",
        "RColorBrewer",
        "rlang",
        "scales",
        "viridisLite"
      ],
      "RemoteType": "github",
      "RemoteHost": "api.github.com",
      "RemoteUsername": "jasp-stats",
      "RemoteRepo": "jaspGraphs",
      "RemoteSha": "c884a4239590cdb08c1f18cbeaad9107395425aa"
    },
    "jquerylib": {
      "Package": "jquerylib",
      "Version": "0.1.4",
      "Source": "Repository",
      "Requirements": [
        "htmltools"
      ]
    },
    "jsonlite": {
      "Package": "jsonlite",
      "Version": "2.0.0",
      "Source": "Repository",
      "Requirements": [
        "methods"
      ]
    },
    "labeling": {
      "Package": "labeling",
      "Version": "0.4.3",
      "Source": "Repository",
      "Requirements": [
        "graphics",
        "stats"
      ]
    },
    "later": {
      "Package": "later",
      "Version": "1.4.2",
      "Source": "Repository",
      "Requirements": [
        "Rcpp",
        "rlang"
      ]
    },
    "lattice": {
      "Package": "lattice",
      "Version": "0.22-7",
      "Source": "Repository",
      "Requirements": [
        "graphics",
        "grDevices",
        "grid",
        "R",
        "stats",
        "utils"
      ]
    },
    "lavaan": {
      "Package": "lavaan",
      "Version": "0.6-19",
      "Source": "Repository",
      "Requirements": [
        "graphics",
        "MASS",
        "methods",
        "mnormt",
        "numDeriv",
        "pbivnorm",
        "quadprog",
        "R",
        "stats",
        "stats4",
        "utils"
      ]
    },
    "lifecycle": {
      "Package": "lifecycle",
      "Version": "1.0.4",
      "Source": "Repository",
      "Requirements": [
        "cli",
        "glue",
        "R",
        "rlang"
      ]
    },
    "lme4": {
      "Package": "lme4",
      "Version": "1.1-37",
      "Source": "Repository",
      "Requirements": [
        "boot",
        "graphics",
        "grid",
        "lattice",
        "MASS",
        "Matrix",
        "methods",
        "minqa",
        "nlme",
        "nloptr",
        "parallel",
        "R",
        "Rcpp",
        "RcppEigen",
        "reformulas",
        "splines",
        "stats",
        "utils"
      ]
    },
    "logspline": {
      "Package": "logspline",
      "Version": "2.1.22",
      "Source": "Repository",
      "Requirements": [
        "graphics",
        "stats"
      ]
    },
    "loo": {
      "Package": "loo",
      "Version": "2.8.0",
      "Source": "Repository",
      "Requirements": [
        "checkmate",
        "matrixStats",
        "parallel",
        "posterior",
        "R",
        "stats"
      ]
    },
    "magrittr": {
      "Package": "magrittr",
      "Version": "2.0.3",
      "Source": "Repository",
      "Requirements": [
        "R"
      ]
    },
    "mathjaxr": {
      "Package": "mathjaxr",
      "Version": "1.8-0",
      "Source": "Repository",
      "Requirements": []
    },
    "matrixStats": {
      "Package": "matrixStats",
      "Version": "1.5.0",
      "Source": "Repository",
      "Requirements": [
        "R"
      ]
    },
    "memoise": {
      "Package": "memoise",
      "Version": "2.0.1",
      "Source": "Repository",
      "Requirements": [
        "cachem",
        "rlang"
      ]
    },
    "metaBMA": {
      "Package": "metaBMA",
      "Version": "0.6.9",
      "Source": "Repository",
      "Requirements": [
        "BH",
        "bridgesampling",
        "coda",
        "LaplacesDemon",
        "logspline",
        "methods",
        "mvtnorm",
        "R",
        "Rcpp",
        "RcppEigen",
        "RcppParallel",
        "rstan",
        "rstantools",
        "StanHeaders"
      ]
    },
    "metaSEM": {
      "Package": "metaSEM",
      "Version": "1.5.0",
      "Source": "Repository",
      "Requirements": [
        "ellipse",
        "graphics",
        "lavaan",
        "MASS",
        "Matrix",
        "mvtnorm",
        "numDeriv",
        "OpenMx",
        "R",
        "stats",
        "utils"
      ]
    },
    "metadat": {
      "Package": "metadat",
      "Version": "1.4-0",
      "Source": "Repository",
      "Requirements": [
        "mathjaxr",
        "R",
        "tools",
        "utils"
      ]
    },
    "metafor": {
      "Package": "metafor",
      "Version": "4.8-0",
      "Source": "Repository",
      "Requirements": [
        "digest",
        "graphics",
        "grDevices",
        "mathjaxr",
        "Matrix",
        "metadat",
        "methods",
        "nlme",
        "numDeriv",
        "pbapply",
        "R",
        "stats",
        "utils"
      ]
    },
    "metamisc": {
      "Package": "metamisc",
      "Version": "0.4.0",
      "Source": "Repository",
      "Requirements": [
        "dplyr",
        "ggplot2",
        "graphics",
        "lme4",
        "metafor",
        "methods",
        "mvtnorm",
        "plyr",
        "pROC",
        "R",
        "stats"
      ]
    },
    "mgcv": {
      "Package": "mgcv",
      "Version": "1.9-3",
      "Source": "Repository",
      "Requirements": [
        "graphics",
        "Matrix",
        "methods",
        "nlme",
        "R",
        "splines",
        "stats",
        "utils"
      ]
    },
    "mime": {
      "Package": "mime",
      "Version": "0.13",
      "Source": "Repository",
      "Requirements": [
        "tools"
      ]
    },
    "minqa": {
      "Package": "minqa",
      "Version": "1.2.8",
      "Source": "Repository",
      "Requirements": [
        "Rcpp"
      ]
    },
    "mnormt": {
      "Package": "mnormt",
      "Version": "2.1.1",
      "Source": "Repository",
      "Requirements": [
        "R"
      ]
    },
    "mvtnorm": {
      "Package": "mvtnorm",
      "Version": "1.3-3",
      "Source": "Repository",
      "Requirements": [
        "R",
        "stats"
      ]
    },
    "nleqslv": {
      "Package": "nleqslv",
      "Version": "3.3.5",
      "Source": "Repository",
      "Requirements": []
    },
    "nlme": {
      "Package": "nlme",
      "Version": "3.1-168",
      "Source": "Repository",
      "Requirements": [
        "graphics",
        "lattice",
        "R",
        "stats",
        "utils"
      ]
    },
    "nloptr": {
      "Package": "nloptr",
      "Version": "2.2.1",
      "Source": "Repository",
      "Requirements": []
    },
    "numDeriv": {
      "Package": "numDeriv",
      "Version": "2016.8-1.1",
      "Source": "Repository",
      "Requirements": [
        "R"
      ]
    },
    "officer": {
      "Package": "officer",
      "Version": "0.6.10",
      "Source": "Repository",
      "Requirements": [
        "cli",
        "graphics",
        "grDevices",
        "openssl",
        "R6",
        "ragg",
        "stats",
        "utils",
        "uuid",
        "xml2",
        "zip"
      ]
    },
    "openssl": {
      "Package": "openssl",
      "Version": "2.3.3",
      "Source": "Repository",
      "Requirements": [
        "askpass"
      ]
    },
    "pROC": {
      "Package": "pROC",
      "Version": "1.18.5",
      "Source": "Repository",
      "Requirements": [
        "methods",
        "plyr",
        "R",
        "Rcpp"
      ]
    },
    "patchwork": {
      "Package": "patchwork",
      "Version": "1.3.0",
      "Source": "Repository",
      "Requirements": [
        "cli",
        "farver",
        "ggplot2",
        "graphics",
        "grDevices",
        "grid",
        "gtable",
        "rlang",
        "stats",
        "utils"
      ]
    },
    "pbapply": {
      "Package": "pbapply",
      "Version": "1.7-2",
      "Source": "Repository",
      "Requirements": [
        "parallel",
        "R"
      ]
    },
    "pbivnorm": {
      "Package": "pbivnorm",
      "Version": "0.6.0",
      "Source": "Repository",
      "Requirements": []
    },
    "pema": {
      "Package": "pema",
      "Version": "0.1.4",
      "Source": "Repository",
      "Requirements": [
        "BH",
        "cli",
        "ggplot2",
        "methods",
        "R",
        "Rcpp",
        "RcppEigen",
        "RcppParallel",
        "rstan",
        "rstantools",
        "shiny",
        "sn",
        "StanHeaders"
      ]
    },
    "pillar": {
      "Package": "pillar",
      "Version": "1.10.2",
      "Source": "Repository",
      "Requirements": [
        "cli",
        "glue",
        "lifecycle",
        "rlang",
        "utf8",
        "utils",
        "vctrs"
      ]
    },
    "pkgbuild": {
      "Package": "pkgbuild",
      "Version": "1.4.8",
      "Source": "Repository",
      "Requirements": [
        "callr",
        "cli",
        "desc",
        "processx",
        "R",
        "R6"
      ]
    },
    "pkgconfig": {
      "Package": "pkgconfig",
      "Version": "2.0.3",
      "Source": "Repository",
      "Requirements": [
        "utils"
      ]
    },
    "plyr": {
      "Package": "plyr",
      "Version": "1.8.9",
      "Source": "Repository",
      "Requirements": [
        "R",
        "Rcpp"
      ]
    },
    "posterior": {
      "Package": "posterior",
      "Version": "1.6.1",
      "Source": "Repository",
      "Requirements": [
        "abind",
        "checkmate",
        "distributional",
        "matrixStats",
        "methods",
        "parallel",
        "pillar",
        "R",
        "rlang",
        "stats",
        "tensorA",
        "tibble",
        "vctrs"
      ]
    },
    "prettyunits": {
      "Package": "prettyunits",
      "Version": "1.2.0",
      "Source": "Repository",
      "Requirements": [
        "R"
      ]
    },
    "processx": {
      "Package": "processx",
      "Version": "3.8.6",
      "Source": "Repository",
      "Requirements": [
        "ps",
        "R",
        "R6",
        "utils"
      ]
    },
    "progress": {
      "Package": "progress",
      "Version": "1.2.3",
      "Source": "Repository",
      "Requirements": [
        "crayon",
        "hms",
        "prettyunits",
        "R",
        "R6"
      ]
    },
    "promises": {
      "Package": "promises",
      "Version": "1.3.3",
      "Source": "Repository",
      "Requirements": [
        "fastmap",
        "later",
        "magrittr",
        "R6",
        "Rcpp",
        "rlang",
        "stats"
      ]
    },
    "ps": {
      "Package": "ps",
      "Version": "1.9.1",
      "Source": "Repository",
      "Requirements": [
        "R",
        "utils"
      ]
    },
    "psych": {
      "Package": "psych",
      "Version": "2.5.3",
      "Source": "Repository",
      "Requirements": [
        "GPArotation",
        "graphics",
        "grDevices",
        "lattice",
        "methods",
        "mnormt",
        "nlme",
        "parallel",
        "stats"
      ]
    },
    "purrr": {
      "Package": "purrr",
      "Version": "1.0.4",
      "Source": "Repository",
      "Requirements": [
        "cli",
        "lifecycle",
        "magrittr",
        "R",
        "rlang",
        "vctrs"
      ]
    },
    "quadprog": {
      "Package": "quadprog",
      "Version": "1.5-8",
      "Source": "Repository",
      "Requirements": [
        "R"
      ]
    },
    "quantreg": {
      "Package": "quantreg",
      "Version": "6.1",
      "Source": "Repository",
      "Requirements": [
        "graphics",
        "MASS",
        "Matrix",
        "MatrixModels",
        "methods",
        "R",
        "SparseM",
        "stats",
        "survival"
      ]
    },
    "ragg": {
      "Package": "ragg",
      "Version": "1.4.0",
      "Source": "Repository",
      "Requirements": [
        "systemfonts",
        "textshaping"
      ]
    },
    "rappdirs": {
      "Package": "rappdirs",
      "Version": "0.3.3",
      "Source": "Repository",
      "Requirements": [
        "R"
      ]
    },
    "rbibutils": {
      "Package": "rbibutils",
      "Version": "2.3",
      "Source": "Repository",
      "Requirements": [
        "R",
        "tools",
        "utils"
      ]
    },
    "reformulas": {
      "Package": "reformulas",
      "Version": "0.4.1",
      "Source": "Repository",
      "Requirements": [
        "Matrix",
        "methods",
        "Rdpack",
        "stats"
      ]
    },
    "rjags": {
      "Package": "rjags",
      "Version": "4-17",
      "Source": "Repository",
      "Requirements": [
        "coda",
        "R"
      ]
    },
    "rlang": {
      "Package": "rlang",
      "Version": "1.1.6",
      "Source": "Repository",
      "Requirements": [
        "R",
        "utils"
      ]
    },
    "rpf": {
      "Package": "rpf",
      "Version": "1.0.15",
      "Source": "Repository",
      "Requirements": [
        "lifecycle",
        "methods",
        "mvtnorm",
        "parallel",
        "R",
        "Rcpp",
        "RcppEigen"
      ]
    },
    "rstan": {
      "Package": "rstan",
      "Version": "2.32.7",
      "Source": "Repository",
      "Requirements": [
        "BH",
        "ggplot2",
        "gridExtra",
        "inline",
        "loo",
        "methods",
        "pkgbuild",
        "QuickJSR",
        "R",
        "Rcpp",
        "RcppEigen",
        "RcppParallel",
        "StanHeaders",
        "stats4"
      ]
    },
    "rstantools": {
      "Package": "rstantools",
      "Version": "2.4.0",
      "Source": "Repository",
      "Requirements": [
        "desc",
        "Rcpp",
        "RcppParallel",
        "stats",
        "utils"
      ]
    },
    "runjags": {
      "Package": "runjags",
      "Version": "2.2.2-5",
      "Source": "Repository",
      "Requirements": [
        "coda",
        "lattice",
        "parallel",
        "R",
        "stats",
        "utils"
      ]
    },
    "rvg": {
      "Package": "rvg",
      "Version": "0.3.5",
      "Source": "Repository",
      "Requirements": [
        "gdtools",
        "grDevices",
        "officer",
        "R",
        "Rcpp",
        "rlang",
        "xml2"
      ]
    },
    "sandwich": {
      "Package": "sandwich",
      "Version": "3.1-1",
      "Source": "Repository",
      "Requirements": [
        "R",
        "stats",
        "utils",
        "zoo"
      ]
    },
    "sass": {
      "Package": "sass",
      "Version": "0.4.10",
      "Source": "Repository",
      "Requirements": [
        "fs",
        "htmltools",
        "R6",
        "rappdirs",
        "rlang"
      ]
    },
    "scales": {
      "Package": "scales",
      "Version": "1.4.0",
      "Source": "Repository",
      "Requirements": [
        "cli",
        "farver",
        "glue",
        "labeling",
        "lifecycle",
        "R",
        "R6",
        "RColorBrewer",
        "rlang",
        "viridisLite"
      ]
    },
    "shiny": {
      "Package": "shiny",
      "Version": "1.10.0",
      "Source": "Repository",
      "Requirements": [
        "bslib",
        "cachem",
        "commonmark",
        "crayon",
        "fastmap",
        "fontawesome",
        "glue",
        "grDevices",
        "htmltools",
        "httpuv",
        "jsonlite",
        "later",
        "lifecycle",
        "methods",
        "mime",
        "promises",
        "R",
        "R6",
        "rlang",
        "sourcetools",
        "tools",
        "utils",
        "withr",
        "xtable"
      ]
    },
    "sn": {
      "Package": "sn",
      "Version": "2.1.1",
      "Source": "Repository",
      "Requirements": [
        "methods",
        "mnormt",
        "numDeriv",
        "quantreg",
        "R",
        "stats4",
        "utils"
      ]
    },
    "sourcetools": {
      "Package": "sourcetools",
      "Version": "0.1.7-1",
      "Source": "Repository",
      "Requirements": [
        "R"
      ]
    },
    "sp": {
      "Package": "sp",
      "Version": "2.2-0",
      "Source": "Repository",
      "Requirements": [
        "graphics",
        "grDevices",
        "grid",
        "lattice",
        "methods",
        "R",
        "stats",
        "utils"
      ]
    },
    "stringi": {
      "Package": "stringi",
      "Version": "1.8.7",
      "Source": "Repository",
      "Requirements": [
        "R",
        "stats",
        "tools",
        "utils"
      ]
    },
    "stringr": {
      "Package": "stringr",
      "Version": "1.5.1",
      "Source": "Repository",
      "Requirements": [
        "cli",
        "glue",
        "lifecycle",
        "magrittr",
        "R",
        "rlang",
        "stringi",
        "vctrs"
      ]
    },
    "survival": {
      "Package": "survival",
      "Version": "3.8-3",
      "Source": "Repository",
      "Requirements": [
        "graphics",
        "Matrix",
        "methods",
        "R",
        "splines",
        "stats",
        "utils"
      ]
    },
    "svglite": {
      "Package": "svglite",
      "Version": "2.2.1",
      "Source": "Repository",
      "Requirements": [
        "base64enc",
        "cli",
        "cpp11",
        "lifecycle",
        "R",
        "rlang",
        "systemfonts",
        "textshaping"
      ]
    },
    "sys": {
      "Package": "sys",
      "Version": "3.4.3",
      "Source": "Repository",
      "Requirements": []
    },
    "systemfonts": {
      "Package": "systemfonts",
      "Version": "1.2.3",
      "Source": "Repository",
      "Requirements": [
        "base64enc",
        "cpp11",
        "grid",
        "jsonlite",
        "lifecycle",
        "R",
        "tools",
        "utils"
      ]
    },
    "tensorA": {
      "Package": "tensorA",
      "Version": "0.36.2.1",
      "Source": "Repository",
      "Requirements": [
        "R",
        "stats"
      ]
    },
    "textshaping": {
      "Package": "textshaping",
      "Version": "1.0.1",
      "Source": "Repository",
      "Requirements": [
        "cpp11",
        "lifecycle",
        "R",
        "stats",
        "stringi",
        "systemfonts",
        "utils"
      ]
    },
    "tibble": {
      "Package": "tibble",
      "Version": "3.3.0",
      "Source": "Repository",
      "Requirements": [
        "cli",
        "lifecycle",
        "magrittr",
        "methods",
        "pillar",
        "pkgconfig",
        "R",
        "rlang",
        "utils",
        "vctrs"
      ]
    },
    "tidyr": {
      "Package": "tidyr",
      "Version": "1.3.1",
      "Source": "Repository",
      "Requirements": [
        "cli",
        "cpp11",
        "dplyr",
        "glue",
        "lifecycle",
        "magrittr",
        "purrr",
        "R",
        "rlang",
        "stringr",
        "tibble",
        "tidyselect",
        "utils",
        "vctrs"
      ]
    },
    "tidyselect": {
      "Package": "tidyselect",
      "Version": "1.2.1",
      "Source": "Repository",
      "Requirements": [
        "cli",
        "glue",
        "lifecycle",
        "R",
        "rlang",
        "vctrs",
        "withr"
      ]
    },
    "utf8": {
      "Package": "utf8",
      "Version": "1.2.6",
      "Source": "Repository",
      "Requirements": [
        "R"
      ]
    },
    "uuid": {
      "Package": "uuid",
      "Version": "1.2-1",
      "Source": "Repository",
      "Requirements": [
        "R"
      ]
    },
    "vctrs": {
      "Package": "vctrs",
      "Version": "0.6.5",
      "Source": "Repository",
      "Requirements": [
        "cli",
        "glue",
        "lifecycle",
        "R",
        "rlang"
      ]
    },
    "viridisLite": {
      "Package": "viridisLite",
      "Version": "0.4.2",
      "Source": "Repository",
      "Requirements": [
        "R"
      ]
    },
    "weightr": {
      "Package": "weightr",
      "Version": "2.0.2",
      "Source": "Repository",
      "Requirements": [
        "ggplot2",
        "R",
        "scales"
      ]
    },
    "withr": {
      "Package": "withr",
      "Version": "3.0.2",
      "Source": "Repository",
      "Requirements": [
        "graphics",
        "grDevices",
        "R"
      ]
    },
    "xml2": {
      "Package": "xml2",
      "Version": "1.3.8",
      "Source": "Repository",
      "Requirements": [
        "cli",
        "methods",
        "R",
        "rlang"
      ]
    },
    "xtable": {
      "Package": "xtable",
      "Version": "1.8-4",
      "Source": "Repository",
      "Requirements": [
        "R",
        "stats",
        "utils"
      ]
    },
    "zip": {
      "Package": "zip",
      "Version": "2.3.3",
      "Source": "Repository",
      "Requirements": []
    },
    "zoo": {
      "Package": "zoo",
      "Version": "1.8-14",
      "Source": "Repository",
      "Requirements": [
        "graphics",
        "grDevices",
        "lattice",
        "R",
        "stats",
        "utils"
      ]
    }
  }
}
